<?xml version="1.0" encoding="utf-8"?>
<Project ToolsVersion="4.0" xmlns="http://schemas.microsoft.com/developer/msbuild/2003">
  <ItemGroup>
    <Filter Include="Source Files">
      <UniqueIdentifier>{4FC737F1-C7A5-4376-A066-2A32D752A2FF}</UniqueIdentifier>
      <Extensions>cpp;c;cc;cxx;c++;cppm;ixx;def;odl;idl;hpj;bat;asm;asmx</Extensions>
    </Filter>
    <Filter Include="Header Files">
      <UniqueIdentifier>{93995380-89BD-4b04-88EB-625FBE52EBFB}</UniqueIdentifier>
      <Extensions>h;hh;hpp;hxx;h++;hm;inl;inc;ipp;xsd</Extensions>
    </Filter>
    <Filter Include="Resource Files">
      <UniqueIdentifier>{67DA6AB6-F800-4c08-8B7A-83BB121AAD01}</UniqueIdentifier>
      <Extensions>rc;ico;cur;bmp;dlg;rc2;rct;bin;rgs;gif;jpg;jpeg;jpe;resx;tiff;tif;png;wav;mfcribbon-ms</Extensions>
    </Filter>
    <Filter Include="SDK">
      <UniqueIdentifier>{11c5f8b2-94c8-4772-b857-3014d7d3ffa6}</UniqueIdentifier>
    </Filter>
    <Filter Include="Utils">
      <UniqueIdentifier>{2b4e2fe2-d72e-4f1e-9e0a-f71c1f244d34}</UniqueIdentifier>
    </Filter>
    <Filter Include="Utils\Console">
      <UniqueIdentifier>{cf73f9de-d42a-4728-a93f-6b130cfe42e0}</UniqueIdentifier>
    </Filter>
    <Filter Include="Utils\Hooking">
      <UniqueIdentifier>{940f392d-f65e-4921-a435-ded905fc4e0f}</UniqueIdentifier>
    </Filter>
    <Filter Include="Features">
      <UniqueIdentifier>{ce575ebf-0925-476a-ae10-ecb27149c998}</UniqueIdentifier>
    </Filter>
    <Filter Include="Features\SpeedHack">
      <UniqueIdentifier>{706969ac-99d0-4291-895e-15e9330cadf7}</UniqueIdentifier>
    </Filter>
    <Filter Include="Features\GodMode">
      <UniqueIdentifier>{19f51310-425a-4966-b0d0-344a04cc9e1f}</UniqueIdentifier>
    </Filter>
    <Filter Include="Features\WeaponStuff">
      <UniqueIdentifier>{abe10f9b-f7f3-474f-b57f-7c6592c2b3ca}</UniqueIdentifier>
    </Filter>
    <Filter Include="Kiero">
      <UniqueIdentifier>{8182169c-9e8f-48e5-b187-51137dc2e6c1}</UniqueIdentifier>
    </Filter>
    <Filter Include="Kiero\MinHook">
      <UniqueIdentifier>{9eeea8b6-8012-4a7b-8d69-76dcee508577}</UniqueIdentifier>
    </Filter>
    <Filter Include="Kiero\MinHook\src">
      <UniqueIdentifier>{5c88328b-cd14-49e2-9a58-819197414eb5}</UniqueIdentifier>
    </Filter>
    <Filter Include="Kiero\MinHook\src\hde">
      <UniqueIdentifier>{788b317c-c711-4d39-8040-2bd729f15d2f}</UniqueIdentifier>
    </Filter>
    <Filter Include="Kiero\MinHook\include">
      <UniqueIdentifier>{27c68dda-1e6b-4e01-8b35-fb703c062c64}</UniqueIdentifier>
    </Filter>
    <Filter Include="ImGUI">
      <UniqueIdentifier>{de890f37-7af7-4974-afb5-48c059899281}</UniqueIdentifier>
    </Filter>
    <Filter Include="Hooks">
      <UniqueIdentifier>{60a3de30-2f7a-4b6f-b6dc-9fa47f48a301}</UniqueIdentifier>
    </Filter>
    <Filter Include="Hooks\D3D11">
      <UniqueIdentifier>{ee62565c-aa1e-4f66-8cb4-d92a3bba5357}</UniqueIdentifier>
    </Filter>
    <Filter Include="GUI">
      <UniqueIdentifier>{2d82ef40-8476-4668-a865-309d94eccb8b}</UniqueIdentifier>
    </Filter>
    <Filter Include="Features\Watermark">
      <UniqueIdentifier>{9b7e4438-62e2-4224-ae1d-68b6834dc6cf}</UniqueIdentifier>
    </Filter>
    <Filter Include="Features\Fly">
      <UniqueIdentifier>{3d852f8d-0df9-4839-a58e-6cab5d0a181b}</UniqueIdentifier>
    </Filter>
  </ItemGroup>
  <ItemGroup>
    <ClInclude Include="framework.h">
      <Filter>Header Files</Filter>
    </ClInclude>
    <ClInclude Include="pch.h">
      <Filter>Header Files</Filter>
    </ClInclude>
    <ClInclude Include="Utils\Console\Console.hpp">
      <Filter>Utils\Console</Filter>
    </ClInclude>
    <ClInclude Include="Features\Feature.h">
      <Filter>Features</Filter>
    </ClInclude>
    <ClInclude Include="Features\SpeedHack.h">
      <Filter>Features\SpeedHack</Filter>
    </ClInclude>
    <ClInclude Include="Features\GodMode.h">
      <Filter>Features\GodMode</Filter>
    </ClInclude>
    <ClInclude Include="Features\WeaponStuff.h">
      <Filter>Features\WeaponStuff</Filter>
    </ClInclude>
    <ClInclude Include="Kiero\kiero.h">
      <Filter>Kiero</Filter>
    </ClInclude>
    <ClInclude Include="Kiero\minhook\include\MinHook.h">
      <Filter>Kiero\MinHook\include</Filter>
    </ClInclude>
    <ClInclude Include="ImGUI\imconfig.h">
      <Filter>ImGUI</Filter>
    </ClInclude>
    <ClInclude Include="ImGUI\imgui.h">
      <Filter>ImGUI</Filter>
    </ClInclude>
    <ClInclude Include="ImGUI\imgui_impl_dx11.h">
      <Filter>ImGUI</Filter>
    </ClInclude>
    <ClInclude Include="ImGUI\imgui_impl_win32.h">
      <Filter>ImGUI</Filter>
    </ClInclude>
    <ClInclude Include="ImGUI\imgui_internal.h">
      <Filter>ImGUI</Filter>
    </ClInclude>
    <ClInclude Include="ImGUI\imstb_rectpack.h">
      <Filter>ImGUI</Filter>
    </ClInclude>
    <ClInclude Include="ImGUI\imstb_textedit.h">
      <Filter>ImGUI</Filter>
    </ClInclude>
    <ClInclude Include="ImGUI\imstb_truetype.h">
      <Filter>ImGUI</Filter>
    </ClInclude>
    <ClInclude Include="Hooks\D3D11\D3D11Hooks.h">
      <Filter>Hooks\D3D11</Filter>
    </ClInclude>
    <ClInclude Include="ImGUI\Styles.h">
      <Filter>ImGUI</Filter>
    </ClInclude>
    <ClInclude Include="SDK.h">
      <Filter>Header Files</Filter>
    </ClInclude>
    <ClInclude Include="GUI\Custom.h">
      <Filter>GUI</Filter>
    </ClInclude>
    <ClInclude Include="GUI\GUI.h">
      <Filter>GUI</Filter>
    </ClInclude>
    <ClInclude Include="GUI\Watermark.h">
      <Filter>Features\Watermark</Filter>
    </ClInclude>
    <ClInclude Include="Unreal.h">
      <Filter>Header Files</Filter>
    </ClInclude>
    <ClInclude Include="Features\Fly.h">
      <Filter>Features\Fly</Filter>
    </ClInclude>
  </ItemGroup>
  <ItemGroup>
    <ClCompile Include="dllmain.cpp">
      <Filter>Source Files</Filter>
    </ClCompile>
    <ClCompile Include="pch.cpp">
      <Filter>Source Files</Filter>
    </ClCompile>
    <ClCompile Include="SDK\CoreUObject_Package.cpp">
      <Filter>SDK</Filter>
    </ClCompile>
    <ClCompile Include="SDK\Engine_Package.cpp">
      <Filter>SDK</Filter>
    </ClCompile>
    <ClCompile Include="SDK\BasicTypes_Package.cpp">
      <Filter>SDK</Filter>
    </ClCompile>
    <ClCompile Include="Utils\Console\Console.cpp">
      <Filter>Utils\Console</Filter>
    </ClCompile>
    <ClCompile Include="SDK\GbxLevelSequence_Package.cpp">
      <Filter>SDK</Filter>
    </ClCompile>
    <ClCompile Include="SDK\BPChar_Enemy_Package.cpp">
      <Filter>SDK</Filter>
    </ClCompile>
    <ClCompile Include="SDK\BPChar_Player_Package.cpp">
      <Filter>SDK</Filter>
    </ClCompile>
    <ClCompile Include="SDK\DamageSource_Bullet_Heavy_Package.cpp">
      <Filter>SDK</Filter>
    </ClCompile>
    <ClCompile Include="SDK\DmgType_Corrosive_Impact_Package.cpp">
      <Filter>SDK</Filter>
    </ClCompile>
    <ClCompile Include="SDK\GbxWeapon_Package.cpp">
      <Filter>SDK</Filter>
    </ClCompile>
    <ClCompile Include="SDK\OakGame_Package.cpp">
      <Filter>SDK</Filter>
    </ClCompile>
    <ClCompile Include="Features\SpeedHack.cpp">
      <Filter>Features\SpeedHack</Filter>
    </ClCompile>
    <ClCompile Include="Features\GodMode.cpp">
      <Filter>Features\GodMode</Filter>
    </ClCompile>
    <ClCompile Include="Features\WeaponStuff.cpp">
      <Filter>Features\WeaponStuff</Filter>
    </ClCompile>
    <ClCompile Include="Kiero\kiero.cpp">
      <Filter>Kiero</Filter>
    </ClCompile>
    <ClCompile Include="ImGUI\imgui.cpp">
      <Filter>ImGUI</Filter>
    </ClCompile>
    <ClCompile Include="ImGUI\imgui_demo.cpp">
      <Filter>ImGUI</Filter>
    </ClCompile>
    <ClCompile Include="ImGUI\imgui_draw.cpp">
      <Filter>ImGUI</Filter>
    </ClCompile>
    <ClCompile Include="ImGUI\imgui_impl_dx11.cpp">
      <Filter>ImGUI</Filter>
    </ClCompile>
    <ClCompile Include="ImGUI\imgui_impl_win32.cpp">
      <Filter>ImGUI</Filter>
    </ClCompile>
    <ClCompile Include="ImGUI\imgui_tables.cpp">
      <Filter>ImGUI</Filter>
    </ClCompile>
    <ClCompile Include="ImGUI\imgui_widgets.cpp">
      <Filter>ImGUI</Filter>
    </ClCompile>
    <ClCompile Include="GUI\GUI.cpp">
      <Filter>GUI</Filter>
    </ClCompile>
    <ClCompile Include="Features\Fly.cpp">
      <Filter>Features\Fly</Filter>
    </ClCompile>
    <ClCompile Include="SDK\GbxGameSystemCore_Package.cpp">
      <Filter>SDK</Filter>
    </ClCompile>
  </ItemGroup>
</Project>